{
    "_readme": [
        "This file locks the dependencies of your project to a known state",
        "Read more about it at https://getcomposer.org/doc/01-basic-usage.md#installing-dependencies",
        "This file is @generated automatically"
    ],
    "content-hash": "e8967cd357d7520ed4cc3579127328a6",
    "packages": [],
    "packages-dev": [],
    "aliases": [],
    "minimum-stability": "stable",
    "stability-flags": [],
    "prefer-stable": false,
    "prefer-lowest": false,
    "platform": {
        "ext-bcmath": "*",
        "ext-mbstring": "*",
        "ext-memcached": "*",
        "ext-xmlrpc": "*",
        "ext-pear": "*"
    },
    "platform-dev": [],
    "plugin-api-version": "1.1.0"
}
